
Microsoft Visual Studio Solution File, Format Version 12.00
# Visual Studio 15
VisualStudioVersion = 15.0.28307.168
MinimumVisualStudioVersion = 10.0.40219.1
Project("{8BC9CEB8-8B4A-11D0-8D11-00A0C91BC942}") = "ConsoleApplication7", "ConsoleApplication7\ConsoleApplication7.vcxproj", "{AD930F78-281F-4BD5-B619-FD3B2D1D1439}"
EndProject
Global
	GlobalSection(SolutionConfigurationPlatforms) = preSolution
		Debug|x64 = Debug|x64
		Debug|x86 = Debug|x86
		Release|x64 = Release|x64
		Release|x86 = Release|x86
	EndGlobalSection
	GlobalSection(ProjectConfigurationPlatforms) = postSolution
		{AD930F78-281F-4BD5-B619-FD3B2D1D1439}.Debug|x64.ActiveCfg = Debug|x64
		{AD930F78-281F-4BD5-B619-FD3B2D1D1439}.Debug|x64.Build.0 = Debug|x64
		{AD930F78-281F-4BD5-B619-FD3B2D1D1439}.Debug|x86.ActiveCfg = Debug|Win32
		{AD930F78-281F-4BD5-B619-FD3B2D1D1439}.Debug|x86.Build.0 = Debug|Win32
		{AD930F78-281F-4BD5-B619-FD3B2D1D1439}.Release|x64.ActiveCfg = Release|x64
		{AD930F78-281F-4BD5-B619-FD3B2D1D1439}.Release|x64.Build.0 = Release|x64
		{AD930F78-281F-4BD5-B619-FD3B2D1D1439}.Release|x86.ActiveCfg = Release|Win32
		{AD930F78-281F-4BD5-B619-FD3B2D1D1439}.Release|x86.Build.0 = Release|Win32
	EndGlobalSection
	GlobalSection(SolutionProperties) = preSolution
		HideSolutionNode = FALSE
	EndGlobalSection
	GlobalSection(ExtensibilityGlobals) = postSolution
		SolutionGuid = {5AA1E6A8-8E94-4D95-96E3-7C24930893B9}
	EndGlobalSection
EndGlobal
